
Microsoft Visual Studio Solution File, Format Version 12.00
# Visual Studio Version 16
VisualStudioVersion = 16.0.30717.126
MinimumVisualStudioVersion = 10.0.40219.1
Project("{FAE04EC0-301F-11D3-BF4B-00C04F79EFBC}") = "CardPreQualificationTool", "CardPreQualificationTool\CardPreQualificationTool.csproj", "{EC21A023-785E-4CFD-9CAD-3117341234E9}"
EndProject
Global
	GlobalSection(SolutionConfigurationPlatforms) = preSolution
		Debug|Any CPU = Debug|Any CPU
		Release|Any CPU = Release|Any CPU
	EndGlobalSection
	GlobalSection(ProjectConfigurationPlatforms) = postSolution
		{EC21A023-785E-4CFD-9CAD-3117341234E9}.Debug|Any CPU.ActiveCfg = Debug|Any CPU
		{EC21A023-785E-4CFD-9CAD-3117341234E9}.Debug|Any CPU.Build.0 = Debug|Any CPU
		{EC21A023-785E-4CFD-9CAD-3117341234E9}.Release|Any CPU.ActiveCfg = Release|Any CPU
		{EC21A023-785E-4CFD-9CAD-3117341234E9}.Release|Any CPU.Build.0 = Release|Any CPU
	EndGlobalSection
	GlobalSection(SolutionProperties) = preSolution
		HideSolutionNode = FALSE
	EndGlobalSection
	GlobalSection(ExtensibilityGlobals) = postSolution
		SolutionGuid = {6A84F10B-1D64-477D-A1B9-B5951FC43BE6}
	EndGlobalSection
EndGlobal
